
Microsoft Visual Studio Solution File, Format Version 12.00
# Visual Studio Version 16
VisualStudioVersion = 16.0.28803.202
MinimumVisualStudioVersion = 10.0.40219.1
Project("{FAE04EC0-301F-11D3-BF4B-00C04F79EFBC}") = "Linked list", "Linked list\Linked list.csproj", "{AF5A27F0-3A9A-482E-BF39-E4FA71E4D91D}"
EndProject
Global
	GlobalSection(SolutionConfigurationPlatforms) = preSolution
		Debug|Any CPU = Debug|Any CPU
		Release|Any CPU = Release|Any CPU
	EndGlobalSection
	GlobalSection(ProjectConfigurationPlatforms) = postSolution
		{AF5A27F0-3A9A-482E-BF39-E4FA71E4D91D}.Debug|Any CPU.ActiveCfg = Debug|Any CPU
		{AF5A27F0-3A9A-482E-BF39-E4FA71E4D91D}.Debug|Any CPU.Build.0 = Debug|Any CPU
		{AF5A27F0-3A9A-482E-BF39-E4FA71E4D91D}.Release|Any CPU.ActiveCfg = Release|Any CPU
		{AF5A27F0-3A9A-482E-BF39-E4FA71E4D91D}.Release|Any CPU.Build.0 = Release|Any CPU
	EndGlobalSection
	GlobalSection(SolutionProperties) = preSolution
		HideSolutionNode = FALSE
	EndGlobalSection
	GlobalSection(ExtensibilityGlobals) = postSolution
		SolutionGuid = {7B9E7423-CB33-4E5F-96F8-2CDDDF8122BF}
	EndGlobalSection
EndGlobal
